// !$*UTF8*$!
{
	archiveVersion = 1;
	classes = {
	};
	objectVersion = 77;
	objects = {

/* Begin PBXBuildFile section */
		31B175202D1CD8AB00C29ABB /* FirebaseAuth in Frameworks */ = {isa = PBXBuildFile; productRef = 31B1751F2D1CD8AB00C29ABB /* FirebaseAuth */; };
		31B175222D1CD8AB00C29ABB /* FirebaseFirestore in Frameworks */ = {isa = PBXBuildFile; productRef = 31B175212D1CD8AB00C29ABB /* FirebaseFirestore */; };
		31B175242D1CD8AB00C29ABB /* FirebaseStorage in Frameworks */ = {isa = PBXBuildFile; productRef = 31B175232D1CD8AB00C29ABB /* FirebaseStorage */; };
/* End PBXBuildFile section */

/* Begin PBXContainerItemProxy section */
		3176A9012D12FFE100BD4A0D /* PBXContainerItemProxy */ = {
			isa = PBXContainerItemProxy;
			containerPortal = 3176A8E82D12FFDD00BD4A0D /* Project object */;
			proxyType = 1;
			remoteGlobalIDString = 3176A8EF2D12FFDD00BD4A0D;
			remoteInfo = MSW;
		};
		3176A90B2D12FFE100BD4A0D /* PBXContainerItemProxy */ = {
			isa = PBXContainerItemProxy;
			containerPortal = 3176A8E82D12FFDD00BD4A0D /* Project object */;
			proxyType = 1;
			remoteGlobalIDString = 3176A8EF2D12FFDD00BD4A0D;
			remoteInfo = MSW;
		};
/* End PBXContainerItemProxy section */

/* Begin PBXFileReference section */
		3176A8F02D12FFDD00BD4A0D /* MSW.app */ = {isa = PBXFileReference; explicitFileType = wrapper.application; includeInIndex = 0; path = MSW.app; sourceTree = BUILT_PRODUCTS_DIR; };
		3176A9002D12FFE100BD4A0D /* MSWTests.xctest */ = {isa = PBXFileReference; explicitFileType = wrapper.cfbundle; includeInIndex = 0; path = MSWTests.xctest; sourceTree = BUILT_PRODUCTS_DIR; };
		3176A90A2D12FFE100BD4A0D /* MSWUITests.xctest */ = {isa = PBXFileReference; explicitFileType = wrapper.cfbundle; includeInIndex = 0; path = MSWUITests.xctest; sourceTree = BUILT_PRODUCTS_DIR; };
/* End PBXFileReference section */

/* Begin PBXFileSystemSynchronizedRootGroup section */
		3176A8F22D12FFDD00BD4A0D /* MSW */ = {
			isa = PBXFileSystemSynchronizedRootGroup;
			path = MSW;
			sourceTree = "<group>";
		};
		3176A9032D12FFE100BD4A0D /* MSWTests */ = {
			isa = PBXFileSystemSynchronizedRootGroup;
			path = MSWTests;
			sourceTree = "<group>";
		};
		3176A90D2D12FFE100BD4A0D /* MSWUITests */ = {
			isa = PBXFileSystemSynchronizedRootGroup;
			path = MSWUITests;
			sourceTree = "<group>";
		};
/* End PBXFileSystemSynchronizedRootGroup section */

/* Begin PBXFrameworksBuildPhase section */
		3176A8ED2D12FFDD00BD4A0D /* Frameworks */ = {
			isa = PBXFrameworksBuildPhase;
			buildActionMask = 2147483647;
			files = (
				31B175202D1CD8AB00C29ABB /* FirebaseAuth in Frameworks */,
				31B175222D1CD8AB00C29ABB /* FirebaseFirestore in Frameworks */,
				31B175242D1CD8AB00C29ABB /* FirebaseStorage in Frameworks */,
			);
			runOnlyForDeploymentPostprocessing = 0;
		};
		3176A8FD2D12FFE100BD4A0D /* Frameworks */ = {
			isa = PBXFrameworksBuildPhase;
			buildActionMask = 2147483647;
			files = (
			);
			runOnlyForDeploymentPostprocessing = 0;
		};
		3176A9072D12FFE100BD4A0D /* Frameworks */ = {
			isa = PBXFrameworksBuildPhase;
			buildActionMask = 2147483647;
			files = (
			);
			runOnlyForDeploymentPostprocessing = 0;
		};
/* End PBXFrameworksBuildPhase section */

/* Begin PBXGroup section */
		3176A8E72D12FFDD00BD4A0D = {
			isa = PBXGroup;
			children = (
				3176A8F22D12FFDD00BD4A0D /* MSW */,
				3176A9032D12FFE100BD4A0D /* MSWTests */,
				3176A90D2D12FFE100BD4A0D /* MSWUITests */,
				3176A8F12D12FFDD00BD4A0D /* Products */,
			);
			sourceTree = "<group>";
		};
		3176A8F12D12FFDD00BD4A0D /* Products */ = {
			isa = PBXGroup;
			children = (
				3176A8F02D12FFDD00BD4A0D /* MSW.app */,
				3176A9002D12FFE100BD4A0D /* MSWTests.xctest */,
				3176A90A2D12FFE100BD4A0D /* MSWUITests.xctest */,
			);
			name = Products;
			sourceTree = "<group>";
		};
/* End PBXGroup section */

/* Begin PBXNativeTarget section */
		3176A8EF2D12FFDD00BD4A0D /* MSW */ = {
			isa = PBXNativeTarget;
			buildConfigurationList = 3176A9142D12FFE100BD4A0D /* Build configuration list for PBXNativeTarget "MSW" */;
			buildPhases = (
				3176A8EC2D12FFDD00BD4A0D /* Sources */,
				3176A8ED2D12FFDD00BD4A0D /* Frameworks */,
				3176A8EE2D12FFDD00BD4A0D /* Resources */,
			);
			buildRules = (
			);
			dependencies = (
			);
			fileSystemSynchronizedGroups = (
				3176A8F22D12FFDD00BD4A0D /* MSW */,
			);
			name = MSW;
			packageProductDependencies = (
				31B1751F2D1CD8AB00C29ABB /* FirebaseAuth */,
				31B175212D1CD8AB00C29ABB /* FirebaseFirestore */,
				31B175232D1CD8AB00C29ABB /* FirebaseStorage */,
			);
			productName = MSW;
			productReference = 3176A8F02D12FFDD00BD4A0D /* MSW.app */;
			productType = "com.apple.product-type.application";
		};
		3176A8FF2D12FFE100BD4A0D /* MSWTests */ = {
			isa = PBXNativeTarget;
			buildConfigurationList = 3176A9172D12FFE100BD4A0D /* Build configuration list for PBXNativeTarget "MSWTests" */;
			buildPhases = (
				3176A8FC2D12FFE100BD4A0D /* Sources */,
				3176A8FD2D12FFE100BD4A0D /* Frameworks */,
				3176A8FE2D12FFE100BD4A0D /* Resources */,
			);
			buildRules = (
			);
			dependencies = (
				3176A9022D12FFE100BD4A0D /* PBXTargetDependency */,
			);
			fileSystemSynchronizedGroups = (
				3176A9032D12FFE100BD4A0D /* MSWTests */,
			);
			name = MSWTests;
			packageProductDependencies = (
			);
			productName = MSWTests;
			productReference = 3176A9002D12FFE100BD4A0D /* MSWTests.xctest */;
			productType = "com.apple.product-type.bundle.unit-test";
		};
		3176A9092D12FFE100BD4A0D /* MSWUITests */ = {
			isa = PBXNativeTarget;
			buildConfigurationList = 3176A91A2D12FFE100BD4A0D /* Build configuration list for PBXNativeTarget "MSWUITests" */;
			buildPhases = (
				3176A9062D12FFE100BD4A0D /* Sources */,
				3176A9072D12FFE100BD4A0D /* Frameworks */,
				3176A9082D12FFE100BD4A0D /* Resources */,
			);
			buildRules = (
			);
			dependencies = (
				3176A90C2D12FFE100BD4A0D /* PBXTargetDependency */,
			);
			fileSystemSynchronizedGroups = (
				3176A90D2D12FFE100BD4A0D /* MSWUITests */,
			);
			name = MSWUITests;
			packageProductDependencies = (
			);
			productName = MSWUITests;
			productReference = 3176A90A2D12FFE100BD4A0D /* MSWUITests.xctest */;
			productType = "com.apple.product-type.bundle.ui-testing";
		};
/* End PBXNativeTarget section */

/* Begin PBXProject section */
		3176A8E82D12FFDD00BD4A0D /* Project object */ = {
			isa = PBXProject;
			attributes = {
				BuildIndependentTargetsInParallel = 1;
				LastSwiftUpdateCheck = 1610;
				LastUpgradeCheck = 1610;
				TargetAttributes = {
					3176A8EF2D12FFDD00BD4A0D = {
						CreatedOnToolsVersion = 16.1;
					};
					3176A8FF2D12FFE100BD4A0D = {
						CreatedOnToolsVersion = 16.1;
						TestTargetID = 3176A8EF2D12FFDD00BD4A0D;
					};
					3176A9092D12FFE100BD4A0D = {
						CreatedOnToolsVersion = 16.1;
						TestTargetID = 3176A8EF2D12FFDD00BD4A0D;
					};
				};
			};
			buildConfigurationList = 3176A8EB2D12FFDD00BD4A0D /* Build configuration list for PBXProject "MSW" */;
			developmentRegion = en;
			hasScannedForEncodings = 0;
			knownRegions = (
				en,
				Base,
			);
			mainGroup = 3176A8E72D12FFDD00BD4A0D;
			minimizedProjectReferenceProxies = 1;
			packageReferences = (
				31B1751E2D1CD8AB00C29ABB /* XCRemoteSwiftPackageReference "firebase-ios-sdk" */,
			);
			preferredProjectObjectVersion = 77;
			productRefGroup = 3176A8F12D12FFDD00BD4A0D /* Products */;
			projectDirPath = "";
			projectRoot = "";
			targets = (
				3176A8EF2D12FFDD00BD4A0D /* MSW */,
				3176A8FF2D12FFE100BD4A0D /* MSWTests */,
				3176A9092D12FFE100BD4A0D /* MSWUITests */,
			);
		};
/* End PBXProject section */

/* Begin PBXResourcesBuildPhase section */
		3176A8EE2D12FFDD00BD4A0D /* Resources */ = {
			isa = PBXResourcesBuildPhase;
			buildActionMask = 2147483647;
			files = (
			);
			runOnlyForDeploymentPostprocessing = 0;
		};
		3176A8FE2D12FFE100BD4A0D /* Resources */ = {
			isa = PBXResourcesBuildPhase;
			buildActionMask = 2147483647;
			files = (
			);
			runOnlyForDeploymentPostprocessing = 0;
		};
		3176A9082D12FFE100BD4A0D /* Resources */ = {
			isa = PBXResourcesBuildPhase;
			buildActionMask = 2147483647;
			files = (
			);
			runOnlyForDeploymentPostprocessing = 0;
		};
/* End PBXResourcesBuildPhase section */

/* Begin PBXSourcesBuildPhase section */
		3176A8EC2D12FFDD00BD4A0D /* Sources */ = {
			isa = PBXSourcesBuildPhase;
			buildActionMask = 2147483647;
			files = (
			);
			runOnlyForDeploymentPostprocessing = 0;
		};
		3176A8FC2D12FFE100BD4A0D /* Sources */ = {
			isa = PBXSourcesBuildPhase;
			buildActionMask = 2147483647;
			files = (
			);
			runOnlyForDeploymentPostprocessing = 0;
		};
		3176A9062D12FFE100BD4A0D /* Sources */ = {
			isa = PBXSourcesBuildPhase;
			buildActionMask = 2147483647;
			files = (
			);
			runOnlyForDeploymentPostprocessing = 0;
		};
/* End PBXSourcesBuildPhase section */

/* Begin PBXTargetDependency section */
		3176A9022D12FFE100BD4A0D /* PBXTargetDependency */ = {
			isa = PBXTargetDependency;
			target = 3176A8EF2D12FFDD00BD4A0D /* MSW */;
			targetProxy = 3176A9012D12FFE100BD4A0D /* PBXContainerItemProxy */;
		};
		3176A90C2D12FFE100BD4A0D /* PBXTargetDependency */ = {
			isa = PBXTargetDependency;
			target = 3176A8EF2D12FFDD00BD4A0D /* MSW */;
			targetProxy = 3176A90B2D12FFE100BD4A0D /* PBXContainerItemProxy */;
		};
/* End PBXTargetDependency section */

/* Begin XCBuildConfiguration section */
		3176A9122D12FFE100BD4A0D /* Debug */ = {
			isa = XCBuildConfiguration;
			buildSettings = {
				ALWAYS_SEARCH_USER_PATHS = NO;
				ASSETCATALOG_COMPILER_GENERATE_SWIFT_ASSET_SYMBOL_EXTENSIONS = YES;
				CLANG_ANALYZER_NONNULL = YES;
				CLANG_ANALYZER_NUMBER_OBJECT_CONVERSION = YES_AGGRESSIVE;
				CLANG_CXX_LANGUAGE_STANDARD = "gnu++20";
				CLANG_ENABLE_MODULES = YES;
				CLANG_ENABLE_OBJC_ARC = YES;
				CLANG_ENABLE_OBJC_WEAK = YES;
				CLANG_WARN_BLOCK_CAPTURE_AUTORELEASING = YES;
				CLANG_WARN_BOOL_CONVERSION = YES;
				CLANG_WARN_COMMA = YES;
				CLANG_WARN_CONSTANT_CONVERSION = YES;
				CLANG_WARN_DEPRECATED_OBJC_IMPLEMENTATIONS = YES;
				CLANG_WARN_DIRECT_OBJC_ISA_USAGE = YES_ERROR;
				CLANG_WARN_DOCUMENTATION_COMMENTS = YES;
				CLANG_WARN_EMPTY_BODY = YES;
				CLANG_WARN_ENUM_CONVERSION = YES;
				CLANG_WARN_INFINITE_RECURSION = YES;
				CLANG_WARN_INT_CONVERSION = YES;
				CLANG_WARN_NON_LITERAL_NULL_CONVERSION = YES;
				CLANG_WARN_OBJC_IMPLICIT_RETAIN_SELF = YES;
				CLANG_WARN_OBJC_LITERAL_CONVERSION = YES;
				CLANG_WARN_OBJC_ROOT_CLASS = YES_ERROR;
				CLANG_WARN_QUOTED_INCLUDE_IN_FRAMEWORK_HEADER = YES;
				CLANG_WARN_RANGE_LOOP_ANALYSIS = YES;
				CLANG_WARN_STRICT_PROTOTYPES = YES;
				CLANG_WARN_SUSPICIOUS_MOVE = YES;
				CLANG_WARN_UNGUARDED_AVAILABILITY = YES_AGGRESSIVE;
				CLANG_WARN_UNREACHABLE_CODE = YES;
				CLANG_WARN__DUPLICATE_METHOD_MATCH = YES;
				COPY_PHASE_STRIP = NO;
				DEBUG_INFORMATION_FORMAT = dwarf;
				ENABLE_STRICT_OBJC_MSGSEND = YES;
				ENABLE_TESTABILITY = YES;
				ENABLE_USER_SCRIPT_SANDBOXING = YES;
				GCC_C_LANGUAGE_STANDARD = gnu17;
				GCC_DYNAMIC_NO_PIC = NO;
				GCC_NO_COMMON_BLOCKS = YES;
				GCC_OPTIMIZATION_LEVEL = 0;
				GCC_PREPROCESSOR_DEFINITIONS = (
					"DEBUG=1",
					"$(inherited)",
				);
				GCC_WARN_64_TO_32_BIT_CONVERSION = YES;
				GCC_WARN_ABOUT_RETURN_TYPE = YES_ERROR;
				GCC_WARN_UNDECLARED_SELECTOR = YES;
				GCC_WARN_UNINITIALIZED_AUTOS = YES_AGGRESSIVE;
				GCC_WARN_UNUSED_FUNCTION = YES;
				GCC_WARN_UNUSED_VARIABLE = YES;
				IPHONEOS_DEPLOYMENT_TARGET = 18.1;
				LOCALIZATION_PREFERS_STRING_CATALOGS = YES;
				MTL_ENABLE_DEBUG_INFO = INCLUDE_SOURCE;
				MTL_FAST_MATH = YES;
				ONLY_ACTIVE_ARCH = YES;
				SDKROOT = iphoneos;
				SWIFT_ACTIVE_COMPILATION_CONDITIONS = "DEBUG $(inherited)";
				SWIFT_OPTIMIZATION_LEVEL = "-Onone";
			};
			name = Debug;
		};
		3176A9132D12FFE100BD4A0D /* Release */ = {
			isa = XCBuildConfiguration;
			buildSettings = {
				ALWAYS_SEARCH_USER_PATHS = NO;
				ASSETCATALOG_COMPILER_GENERATE_SWIFT_ASSET_SYMBOL_EXTENSIONS = YES;
				CLANG_ANALYZER_NONNULL = YES;
				CLANG_ANALYZER_NUMBER_OBJECT_CONVERSION = YES_AGGRESSIVE;
				CLANG_CXX_LANGUAGE_STANDARD = "gnu++20";
				CLANG_ENABLE_MODULES = YES;
				CLANG_ENABLE_OBJC_ARC = YES;
				CLANG_ENABLE_OBJC_WEAK = YES;
				CLANG_WARN_BLOCK_CAPTURE_AUTORELEASING = YES;
				CLANG_WARN_BOOL_CONVERSION = YES;
				CLANG_WARN_COMMA = YES;
				CLANG_WARN_CONSTANT_CONVERSION = YES;
				CLANG_WARN_DEPRECATED_OBJC_IMPLEMENTATIONS = YES;
				CLANG_WARN_DIRECT_OBJC_ISA_USAGE = YES_ERROR;
				CLANG_WARN_DOCUMENTATION_COMMENTS = YES;
				CLANG_WARN_EMPTY_BODY = YES;
				CLANG_WARN_ENUM_CONVERSION = YES;
				CLANG_WARN_INFINITE_RECURSION = YES;
				CLANG_WARN_INT_CONVERSION = YES;
				CLANG_WARN_NON_LITERAL_NULL_CONVERSION = YES;
				CLANG_WARN_OBJC_IMPLICIT_RETAIN_SELF = YES;
				CLANG_WARN_OBJC_LITERAL_CONVERSION = YES;
				CLANG_WARN_OBJC_ROOT_CLASS = YES_ERROR;
				CLANG_WARN_QUOTED_INCLUDE_IN_FRAMEWORK_HEADER = YES;
				CLANG_WARN_RANGE_LOOP_ANALYSIS = YES;
				CLANG_WARN_STRICT_PROTOTYPES = YES;
				CLANG_WARN_SUSPICIOUS_MOVE = YES;
				CLANG_WARN_UNGUARDED_AVAILABILITY = YES_AGGRESSIVE;
				CLANG_WARN_UNREACHABLE_CODE = YES;
				CLANG_WARN__DUPLICATE_METHOD_MATCH = YES;
				COPY_PHASE_STRIP = NO;
				DEBUG_INFORMATION_FORMAT = "dwarf-with-dsym";
				ENABLE_NS_ASSERTIONS = NO;
				ENABLE_STRICT_OBJC_MSGSEND = YES;
				ENABLE_USER_SCRIPT_SANDBOXING = YES;
				GCC_C_LANGUAGE_STANDARD = gnu17;
				GCC_NO_COMMON_BLOCKS = YES;
				GCC_WARN_64_TO_32_BIT_CONVERSION = YES;
				GCC_WARN_ABOUT_RETURN_TYPE = YES_ERROR;
				GCC_WARN_UNDECLARED_SELECTOR = YES;
				GCC_WARN_UNINITIALIZED_AUTOS = YES_AGGRESSIVE;
				GCC_WARN_UNUSED_FUNCTION = YES;
				GCC_WARN_UNUSED_VARIABLE = YES;
				IPHONEOS_DEPLOYMENT_TARGET = 18.1;
				LOCALIZATION_PREFERS_STRING_CATALOGS = YES;
				MTL_ENABLE_DEBUG_INFO = NO;
				MTL_FAST_MATH = YES;
				SDKROOT = iphoneos;
				SWIFT_COMPILATION_MODE = wholemodule;
				VALIDATE_PRODUCT = YES;
			};
			name = Release;
		};
		3176A9152D12FFE100BD4A0D /* Debug */ = {
			isa = XCBuildConfiguration;
			buildSettings = {
				ASSETCATALOG_COMPILER_APPICON_NAME = AppIcon;
				ASSETCATALOG_COMPILER_GLOBAL_ACCENT_COLOR_NAME = AccentColor;
				ASSETCATALOG_COMPILER_INCLUDE_ALL_APPICON_ASSETS = NO;
				CODE_SIGN_STYLE = Automatic;
				CURRENT_PROJECT_VERSION = 1;
				DEVELOPMENT_ASSET_PATHS = "\"MSW/Preview Content\"";
				DEVELOPMENT_TEAM = K772DG59JN;
				ENABLE_PREVIEWS = YES;
				GENERATE_INFOPLIST_FILE = YES;
				INFOPLIST_KEY_CFBundleDisplayName = MSW;
				INFOPLIST_KEY_LSApplicationCategoryType = "public.app-category.finance";
				INFOPLIST_KEY_UIApplicationSceneManifest_Generation = YES;
				INFOPLIST_KEY_UIApplicationSupportsIndirectInputEvents = YES;
				INFOPLIST_KEY_UILaunchScreen_Generation = YES;
				INFOPLIST_KEY_UISupportedInterfaceOrientations = UIInterfaceOrientationPortrait;
				IPHONEOS_DEPLOYMENT_TARGET = 17.6;
				LD_RUNPATH_SEARCH_PATHS = (
					"$(inherited)",
					"@executable_path/Frameworks",
				);
				MARKETING_VERSION = 1.0;
				PRODUCT_BUNDLE_IDENTIFIER = com.tom.MSW;
				PRODUCT_NAME = "$(TARGET_NAME)";
				SUPPORTED_PLATFORMS = "iphoneos iphonesimulator";
				SUPPORTS_MACCATALYST = NO;
				SUPPORTS_MAC_DESIGNED_FOR_IPHONE_IPAD = NO;
				SUPPORTS_XR_DESIGNED_FOR_IPHONE_IPAD = NO;
				SWIFT_EMIT_LOC_STRINGS = YES;
				SWIFT_VERSION = 5.0;
				TARGETED_DEVICE_FAMILY = "1,2";
			};
			name = Debug;
		};
		3176A9162D12FFE100BD4A0D /* Release */ = {
			isa = XCBuildConfiguration;
			buildSettings = {
				ASSETCATALOG_COMPILER_APPICON_NAME = AppIcon;
				ASSETCATALOG_COMPILER_GLOBAL_ACCENT_COLOR_NAME = AccentColor;
				ASSETCATALOG_COMPILER_INCLUDE_ALL_APPICON_ASSETS = NO;
				CODE_SIGN_STYLE = Automatic;
				CURRENT_PROJECT_VERSION = 1;
				DEVELOPMENT_ASSET_PATHS = "\"MSW/Preview Content\"";
				DEVELOPMENT_TEAM = K772DG59JN;
				ENABLE_PREVIEWS = YES;
				GENERATE_INFOPLIST_FILE = YES;
				INFOPLIST_KEY_CFBundleDisplayName = MSW;
				INFOPLIST_KEY_LSApplicationCategoryType = "public.app-category.finance";
				INFOPLIST_KEY_UIApplicationSceneManifest_Generation = YES;
				INFOPLIST_KEY_UIApplicationSupportsIndirectInputEvents = YES;
				INFOPLIST_KEY_UILaunchScreen_Generation = YES;
				INFOPLIST_KEY_UISupportedInterfaceOrientations = UIInterfaceOrientationPortrait;
				IPHONEOS_DEPLOYMENT_TARGET = 17.6;
				LD_RUNPATH_SEARCH_PATHS = (
					"$(inherited)",
					"@executable_path/Frameworks",
				);
				MARKETING_VERSION = 1.0;
				PRODUCT_BUNDLE_IDENTIFIER = com.tom.MSW;
				PRODUCT_NAME = "$(TARGET_NAME)";
				SUPPORTED_PLATFORMS = "iphoneos iphonesimulator";
				SUPPORTS_MACCATALYST = NO;
				SUPPORTS_MAC_DESIGNED_FOR_IPHONE_IPAD = NO;
				SUPPORTS_XR_DESIGNED_FOR_IPHONE_IPAD = NO;
				SWIFT_EMIT_LOC_STRINGS = YES;
				SWIFT_VERSION = 5.0;
				TARGETED_DEVICE_FAMILY = "1,2";
			};
			name = Release;
		};
		3176A9182D12FFE100BD4A0D /* Debug */ = {
			isa = XCBuildConfiguration;
			buildSettings = {
				BUNDLE_LOADER = "$(TEST_HOST)";
				CODE_SIGN_STYLE = Automatic;
				CURRENT_PROJECT_VERSION = 1;
				DEVELOPMENT_TEAM = K772DG59JN;
				GENERATE_INFOPLIST_FILE = YES;
				IPHONEOS_DEPLOYMENT_TARGET = 18.1;
				MARKETING_VERSION = 1.0;
				PRODUCT_BUNDLE_IDENTIFIER = com.tom.MSWTests;
				PRODUCT_NAME = "$(TARGET_NAME)";
				SWIFT_EMIT_LOC_STRINGS = NO;
				SWIFT_VERSION = 5.0;
				TARGETED_DEVICE_FAMILY = "1,2";
				TEST_HOST = "$(BUILT_PRODUCTS_DIR)/MSW.app/$(BUNDLE_EXECUTABLE_FOLDER_PATH)/MSW";
			};
			name = Debug;
		};
		3176A9192D12FFE100BD4A0D /* Release */ = {
			isa = XCBuildConfiguration;
			buildSettings = {
				BUNDLE_LOADER = "$(TEST_HOST)";
				CODE_SIGN_STYLE = Automatic;
				CURRENT_PROJECT_VERSION = 1;
				DEVELOPMENT_TEAM = K772DG59JN;
				GENERATE_INFOPLIST_FILE = YES;
				IPHONEOS_DEPLOYMENT_TARGET = 18.1;
				MARKETING_VERSION = 1.0;
				PRODUCT_BUNDLE_IDENTIFIER = com.tom.MSWTests;
				PRODUCT_NAME = "$(TARGET_NAME)";
				SWIFT_EMIT_LOC_STRINGS = NO;
				SWIFT_VERSION = 5.0;
				TARGETED_DEVICE_FAMILY = "1,2";
				TEST_HOST = "$(BUILT_PRODUCTS_DIR)/MSW.app/$(BUNDLE_EXECUTABLE_FOLDER_PATH)/MSW";
			};
			name = Release;
		};
		3176A91B2D12FFE100BD4A0D /* Debug */ = {
			isa = XCBuildConfiguration;
			buildSettings = {
				CODE_SIGN_STYLE = Automatic;
				CURRENT_PROJECT_VERSION = 1;
				DEVELOPMENT_TEAM = K772DG59JN;
				GENERATE_INFOPLIST_FILE = YES;
				MARKETING_VERSION = 1.0;
				PRODUCT_BUNDLE_IDENTIFIER = com.tom.MSWUITests;
				PRODUCT_NAME = "$(TARGET_NAME)";
				SWIFT_EMIT_LOC_STRINGS = NO;
				SWIFT_VERSION = 5.0;
				TARGETED_DEVICE_FAMILY = "1,2";
				TEST_TARGET_NAME = MSW;
			};
			name = Debug;
		};
		3176A91C2D12FFE100BD4A0D /* Release */ = {
			isa = XCBuildConfiguration;
			buildSettings = {
				CODE_SIGN_STYLE = Automatic;
				CURRENT_PROJECT_VERSION = 1;
				DEVELOPMENT_TEAM = K772DG59JN;
				GENERATE_INFOPLIST_FILE = YES;
				MARKETING_VERSION = 1.0;
				PRODUCT_BUNDLE_IDENTIFIER = com.tom.MSWUITests;
				PRODUCT_NAME = "$(TARGET_NAME)";
				SWIFT_EMIT_LOC_STRINGS = NO;
				SWIFT_VERSION = 5.0;
				TARGETED_DEVICE_FAMILY = "1,2";
				TEST_TARGET_NAME = MSW;
			};
			name = Release;
		};
/* End XCBuildConfiguration section */

/* Begin XCConfigurationList section */
		3176A8EB2D12FFDD00BD4A0D /* Build configuration list for PBXProject "MSW" */ = {
			isa = XCConfigurationList;
			buildConfigurations = (
				3176A9122D12FFE100BD4A0D /* Debug */,
				3176A9132D12FFE100BD4A0D /* Release */,
			);
			defaultConfigurationIsVisible = 0;
			defaultConfigurationName = Release;
		};
		3176A9142D12FFE100BD4A0D /* Build configuration list for PBXNativeTarget "MSW" */ = {
			isa = XCConfigurationList;
			buildConfigurations = (
				3176A9152D12FFE100BD4A0D /* Debug */,
				3176A9162D12FFE100BD4A0D /* Release */,
			);
			defaultConfigurationIsVisible = 0;
			defaultConfigurationName = Release;
		};
		3176A9172D12FFE100BD4A0D /* Build configuration list for PBXNativeTarget "MSWTests" */ = {
			isa = XCConfigurationList;
			buildConfigurations = (
				3176A9182D12FFE100BD4A0D /* Debug */,
				3176A9192D12FFE100BD4A0D /* Release */,
			);
			defaultConfigurationIsVisible = 0;
			defaultConfigurationName = Release;
		};
		3176A91A2D12FFE100BD4A0D /* Build configuration list for PBXNativeTarget "MSWUITests" */ = {
			isa = XCConfigurationList;
			buildConfigurations = (
				3176A91B2D12FFE100BD4A0D /* Debug */,
				3176A91C2D12FFE100BD4A0D /* Release */,
			);
			defaultConfigurationIsVisible = 0;
			defaultConfigurationName = Release;
		};
/* End XCConfigurationList section */

/* Begin XCRemoteSwiftPackageReference section */
		31B1751E2D1CD8AB00C29ABB /* XCRemoteSwiftPackageReference "firebase-ios-sdk" */ = {
			isa = XCRemoteSwiftPackageReference;
			repositoryURL = "https://github.com/firebase/firebase-ios-sdk";
			requirement = {
				kind = upToNextMajorVersion;
				minimumVersion = 11.6.0;
			};
		};
/* End XCRemoteSwiftPackageReference section */

/* Begin XCSwiftPackageProductDependency section */
		31B1751F2D1CD8AB00C29ABB /* FirebaseAuth */ = {
			isa = XCSwiftPackageProductDependency;
			package = 31B1751E2D1CD8AB00C29ABB /* XCRemoteSwiftPackageReference "firebase-ios-sdk" */;
			productName = FirebaseAuth;
		};
		31B175212D1CD8AB00C29ABB /* FirebaseFirestore */ = {
			isa = XCSwiftPackageProductDependency;
			package = 31B1751E2D1CD8AB00C29ABB /* XCRemoteSwiftPackageReference "firebase-ios-sdk" */;
			productName = FirebaseFirestore;
		};
		31B175232D1CD8AB00C29ABB /* FirebaseStorage */ = {
			isa = XCSwiftPackageProductDependency;
			package = 31B1751E2D1CD8AB00C29ABB /* XCRemoteSwiftPackageReference "firebase-ios-sdk" */;
			productName = FirebaseStorage;
		};
/* End XCSwiftPackageProductDependency section */
	};
	rootObject = 3176A8E82D12FFDD00BD4A0D /* Project object */;
}
